
Microsoft Visual Studio Solution File, Format Version 12.00
# Visual Studio Version 16
VisualStudioVersion = 16.0.29920.165
MinimumVisualStudioVersion = 10.0.40219.1
Project("{9A19103F-16F7-4668-BE54-9A1E7A4F7556}") = "LibraryWebServer", "LibraryWebServer\LibraryWebServer.csproj", "{51016F4B-1B47-46C8-917E-10A82AE7FFD2}"
EndProject
Global
	GlobalSection(SolutionConfigurationPlatforms) = preSolution
		Debug|Any CPU = Debug|Any CPU
		Release|Any CPU = Release|Any CPU
	EndGlobalSection
	GlobalSection(ProjectConfigurationPlatforms) = postSolution
		{51016F4B-1B47-46C8-917E-10A82AE7FFD2}.Debug|Any CPU.ActiveCfg = Debug|Any CPU
		{51016F4B-1B47-46C8-917E-10A82AE7FFD2}.Debug|Any CPU.Build.0 = Debug|Any CPU
		{51016F4B-1B47-46C8-917E-10A82AE7FFD2}.Release|Any CPU.ActiveCfg = Release|Any CPU
		{51016F4B-1B47-46C8-917E-10A82AE7FFD2}.Release|Any CPU.Build.0 = Release|Any CPU
	EndGlobalSection
	GlobalSection(SolutionProperties) = preSolution
		HideSolutionNode = FALSE
	EndGlobalSection
	GlobalSection(ExtensibilityGlobals) = postSolution
		SolutionGuid = {846FD57D-ED12-4F36-AB73-35A8F15ACEB7}
	EndGlobalSection
EndGlobal
